
Microsoft Visual Studio Solution File, Format Version 12.00
# Visual Studio Version 16
VisualStudioVersion = 16.0.31702.278
MinimumVisualStudioVersion = 10.0.40219.1
Project("{8BC9CEB8-8B4A-11D0-8D11-00A0C91BC942}") = "css_parser", "css_parser\css_parser.vcxproj", "{22924416-014D-4E1D-9E9A-666B1FA267A1}"
EndProject
Global
	GlobalSection(SolutionConfigurationPlatforms) = preSolution
		Debug|x64 = Debug|x64
		Debug|x86 = Debug|x86
		Release|x64 = Release|x64
		Release|x86 = Release|x86
	EndGlobalSection
	GlobalSection(ProjectConfigurationPlatforms) = postSolution
		{22924416-014D-4E1D-9E9A-666B1FA267A1}.Debug|x64.ActiveCfg = Debug|x64
		{22924416-014D-4E1D-9E9A-666B1FA267A1}.Debug|x64.Build.0 = Debug|x64
		{22924416-014D-4E1D-9E9A-666B1FA267A1}.Debug|x86.ActiveCfg = Debug|Win32
		{22924416-014D-4E1D-9E9A-666B1FA267A1}.Debug|x86.Build.0 = Debug|Win32
		{22924416-014D-4E1D-9E9A-666B1FA267A1}.Release|x64.ActiveCfg = Release|x64
		{22924416-014D-4E1D-9E9A-666B1FA267A1}.Release|x64.Build.0 = Release|x64
		{22924416-014D-4E1D-9E9A-666B1FA267A1}.Release|x86.ActiveCfg = Release|Win32
		{22924416-014D-4E1D-9E9A-666B1FA267A1}.Release|x86.Build.0 = Release|Win32
	EndGlobalSection
	GlobalSection(SolutionProperties) = preSolution
		HideSolutionNode = FALSE
	EndGlobalSection
	GlobalSection(ExtensibilityGlobals) = postSolution
		SolutionGuid = {FFFD5E78-F900-4E3B-9201-900DBC72A3C2}
	EndGlobalSection
EndGlobal
